// !$*UTF8*$!
{
	archiveVersion = 1;
	classes = {
	};
	objectVersion = 55;
	objects = {

/* Begin PBXBuildFile section */
		1F534B582705ECBB00DFC5A0 /* AppDelegate.m in Sources */ = {isa = PBXBuildFile; fileRef = 1F534B572705ECBB00DFC5A0 /* AppDelegate.m */; };
		1F534B5B2705ECBB00DFC5A0 /* SceneDelegate.m in Sources */ = {isa = PBXBuildFile; fileRef = 1F534B5A2705ECBB00DFC5A0 /* SceneDelegate.m */; };
		1F534B612705ECBB00DFC5A0 /* Main.storyboard in Resources */ = {isa = PBXBuildFile; fileRef = 1F534B5F2705ECBB00DFC5A0 /* Main.storyboard */; };
		1F534B632705ECBC00DFC5A0 /* Assets.xcassets in Resources */ = {isa = PBXBuildFile; fileRef = 1F534B622705ECBC00DFC5A0 /* Assets.xcassets */; };
		1F534B662705ECBC00DFC5A0 /* LaunchScreen.storyboard in Resources */ = {isa = PBXBuildFile; fileRef = 1F534B642705ECBC00DFC5A0 /* LaunchScreen.storyboard */; };
		1F534B692705ECBC00DFC5A0 /* main.m in Sources */ = {isa = PBXBuildFile; fileRef = 1F534B682705ECBC00DFC5A0 /* main.m */; };
		1F534B722705EDA000DFC5A0 /* TableViewController.m in Sources */ = {isa = PBXBuildFile; fileRef = 1F534B712705EDA000DFC5A0 /* TableViewController.m */; };
		1F534B752705EE9C00DFC5A0 /* Pokemon.m in Sources */ = {isa = PBXBuildFile; fileRef = 1F534B742705EE9C00DFC5A0 /* Pokemon.m */; };
		1F534B782705F0E300DFC5A0 /* PokemonManager.m in Sources */ = {isa = PBXBuildFile; fileRef = 1F534B772705F0E300DFC5A0 /* PokemonManager.m */; };
/* End PBXBuildFile section */

/* Begin PBXFileReference section */
		1F534B532705ECBB00DFC5A0 /* ObjCPokedex.app */ = {isa = PBXFileReference; explicitFileType = wrapper.application; includeInIndex = 0; path = ObjCPokedex.app; sourceTree = BUILT_PRODUCTS_DIR; };
		1F534B562705ECBB00DFC5A0 /* AppDelegate.h */ = {isa = PBXFileReference; lastKnownFileType = sourcecode.c.h; path = AppDelegate.h; sourceTree = "<group>"; };
		1F534B572705ECBB00DFC5A0 /* AppDelegate.m */ = {isa = PBXFileReference; lastKnownFileType = sourcecode.c.objc; path = AppDelegate.m; sourceTree = "<group>"; };
		1F534B592705ECBB00DFC5A0 /* SceneDelegate.h */ = {isa = PBXFileReference; lastKnownFileType = sourcecode.c.h; path = SceneDelegate.h; sourceTree = "<group>"; };
		1F534B5A2705ECBB00DFC5A0 /* SceneDelegate.m */ = {isa = PBXFileReference; lastKnownFileType = sourcecode.c.objc; path = SceneDelegate.m; sourceTree = "<group>"; };
		1F534B602705ECBB00DFC5A0 /* Base */ = {isa = PBXFileReference; lastKnownFileType = file.storyboard; name = Base; path = Base.lproj/Main.storyboard; sourceTree = "<group>"; };
		1F534B622705ECBC00DFC5A0 /* Assets.xcassets */ = {isa = PBXFileReference; lastKnownFileType = folder.assetcatalog; path = Assets.xcassets; sourceTree = "<group>"; };
		1F534B652705ECBC00DFC5A0 /* Base */ = {isa = PBXFileReference; lastKnownFileType = file.storyboard; name = Base; path = Base.lproj/LaunchScreen.storyboard; sourceTree = "<group>"; };
		1F534B672705ECBC00DFC5A0 /* Info.plist */ = {isa = PBXFileReference; lastKnownFileType = text.plist.xml; path = Info.plist; sourceTree = "<group>"; };
		1F534B682705ECBC00DFC5A0 /* main.m */ = {isa = PBXFileReference; lastKnownFileType = sourcecode.c.objc; path = main.m; sourceTree = "<group>"; };
		1F534B702705EDA000DFC5A0 /* TableViewController.h */ = {isa = PBXFileReference; lastKnownFileType = sourcecode.c.h; path = TableViewController.h; sourceTree = "<group>"; };
		1F534B712705EDA000DFC5A0 /* TableViewController.m */ = {isa = PBXFileReference; lastKnownFileType = sourcecode.c.objc; path = TableViewController.m; sourceTree = "<group>"; };
		1F534B732705EE9C00DFC5A0 /* Pokemon.h */ = {isa = PBXFileReference; lastKnownFileType = sourcecode.c.h; path = Pokemon.h; sourceTree = "<group>"; };
		1F534B742705EE9C00DFC5A0 /* Pokemon.m */ = {isa = PBXFileReference; lastKnownFileType = sourcecode.c.objc; path = Pokemon.m; sourceTree = "<group>"; };
		1F534B762705F0E300DFC5A0 /* PokemonManager.h */ = {isa = PBXFileReference; lastKnownFileType = sourcecode.c.h; path = PokemonManager.h; sourceTree = "<group>"; };
		1F534B772705F0E300DFC5A0 /* PokemonManager.m */ = {isa = PBXFileReference; lastKnownFileType = sourcecode.c.objc; path = PokemonManager.m; sourceTree = "<group>"; };
/* End PBXFileReference section */

/* Begin PBXFrameworksBuildPhase section */
		1F534B502705ECBB00DFC5A0 /* Frameworks */ = {
			isa = PBXFrameworksBuildPhase;
			buildActionMask = 2147483647;
			files = (
			);
			runOnlyForDeploymentPostprocessing = 0;
		};
/* End PBXFrameworksBuildPhase section */

/* Begin PBXGroup section */
		1F534B4A2705ECBB00DFC5A0 = {
			isa = PBXGroup;
			children = (
				1F534B552705ECBB00DFC5A0 /* ObjCPokedex */,
				1F534B542705ECBB00DFC5A0 /* Products */,
			);
			sourceTree = "<group>";
		};
		1F534B542705ECBB00DFC5A0 /* Products */ = {
			isa = PBXGroup;
			children = (
				1F534B532705ECBB00DFC5A0 /* ObjCPokedex.app */,
			);
			name = Products;
			sourceTree = "<group>";
		};
		1F534B552705ECBB00DFC5A0 /* ObjCPokedex */ = {
			isa = PBXGroup;
			children = (
				1F534B6F2705ECF300DFC5A0 /* Resources */,
				1F534B5F2705ECBB00DFC5A0 /* Main.storyboard */,
				1F534B622705ECBC00DFC5A0 /* Assets.xcassets */,
				1F534B672705ECBC00DFC5A0 /* Info.plist */,
				1F534B702705EDA000DFC5A0 /* TableViewController.h */,
				1F534B712705EDA000DFC5A0 /* TableViewController.m */,
				1F534B732705EE9C00DFC5A0 /* Pokemon.h */,
				1F534B742705EE9C00DFC5A0 /* Pokemon.m */,
				1F534B762705F0E300DFC5A0 /* PokemonManager.h */,
				1F534B772705F0E300DFC5A0 /* PokemonManager.m */,
			);
			path = ObjCPokedex;
			sourceTree = "<group>";
		};
		1F534B6F2705ECF300DFC5A0 /* Resources */ = {
			isa = PBXGroup;
			children = (
				1F534B562705ECBB00DFC5A0 /* AppDelegate.h */,
				1F534B572705ECBB00DFC5A0 /* AppDelegate.m */,
				1F534B592705ECBB00DFC5A0 /* SceneDelegate.h */,
				1F534B5A2705ECBB00DFC5A0 /* SceneDelegate.m */,
				1F534B642705ECBC00DFC5A0 /* LaunchScreen.storyboard */,
				1F534B682705ECBC00DFC5A0 /* main.m */,
			);
			path = Resources;
			sourceTree = "<group>";
		};
/* End PBXGroup section */

/* Begin PBXNativeTarget section */
		1F534B522705ECBB00DFC5A0 /* ObjCPokedex */ = {
			isa = PBXNativeTarget;
			buildConfigurationList = 1F534B6C2705ECBC00DFC5A0 /* Build configuration list for PBXNativeTarget "ObjCPokedex" */;
			buildPhases = (
				1F534B4F2705ECBB00DFC5A0 /* Sources */,
				1F534B502705ECBB00DFC5A0 /* Frameworks */,
				1F534B512705ECBB00DFC5A0 /* Resources */,
			);
			buildRules = (
			);
			dependencies = (
			);
			name = ObjCPokedex;
			productName = ObjCPokedex;
			productReference = 1F534B532705ECBB00DFC5A0 /* ObjCPokedex.app */;
			productType = "com.apple.product-type.application";
		};
/* End PBXNativeTarget section */

/* Begin PBXProject section */
		1F534B4B2705ECBB00DFC5A0 /* Project object */ = {
			isa = PBXProject;
			attributes = {
				BuildIndependentTargetsInParallel = 1;
				LastUpgradeCheck = 1300;
				TargetAttributes = {
					1F534B522705ECBB00DFC5A0 = {
						CreatedOnToolsVersion = 13.0;
					};
				};
			};
			buildConfigurationList = 1F534B4E2705ECBB00DFC5A0 /* Build configuration list for PBXProject "ObjCPokedex" */;
			compatibilityVersion = "Xcode 13.0";
			developmentRegion = en;
			hasScannedForEncodings = 0;
			knownRegions = (
				en,
				Base,
			);
			mainGroup = 1F534B4A2705ECBB00DFC5A0;
			productRefGroup = 1F534B542705ECBB00DFC5A0 /* Products */;
			projectDirPath = "";
			projectRoot = "";
			targets = (
				1F534B522705ECBB00DFC5A0 /* ObjCPokedex */,
			);
		};
/* End PBXProject section */

/* Begin PBXResourcesBuildPhase section */
		1F534B512705ECBB00DFC5A0 /* Resources */ = {
			isa = PBXResourcesBuildPhase;
			buildActionMask = 2147483647;
			files = (
				1F534B662705ECBC00DFC5A0 /* LaunchScreen.storyboard in Resources */,
				1F534B632705ECBC00DFC5A0 /* Assets.xcassets in Resources */,
				1F534B612705ECBB00DFC5A0 /* Main.storyboard in Resources */,
			);
			runOnlyForDeploymentPostprocessing = 0;
		};
/* End PBXResourcesBuildPhase section */

/* Begin PBXSourcesBuildPhase section */
		1F534B4F2705ECBB00DFC5A0 /* Sources */ = {
			isa = PBXSourcesBuildPhase;
			buildActionMask = 2147483647;
			files = (
				1F534B582705ECBB00DFC5A0 /* AppDelegate.m in Sources */,
				1F534B782705F0E300DFC5A0 /* PokemonManager.m in Sources */,
				1F534B692705ECBC00DFC5A0 /* main.m in Sources */,
				1F534B5B2705ECBB00DFC5A0 /* SceneDelegate.m in Sources */,
				1F534B752705EE9C00DFC5A0 /* Pokemon.m in Sources */,
				1F534B722705EDA000DFC5A0 /* TableViewController.m in Sources */,
			);
			runOnlyForDeploymentPostprocessing = 0;
		};
/* End PBXSourcesBuildPhase section */

/* Begin PBXVariantGroup section */
		1F534B5F2705ECBB00DFC5A0 /* Main.storyboard */ = {
			isa = PBXVariantGroup;
			children = (
				1F534B602705ECBB00DFC5A0 /* Base */,
			);
			name = Main.storyboard;
			sourceTree = "<group>";
		};
		1F534B642705ECBC00DFC5A0 /* LaunchScreen.storyboard */ = {
			isa = PBXVariantGroup;
			children = (
				1F534B652705ECBC00DFC5A0 /* Base */,
			);
			name = LaunchScreen.storyboard;
			sourceTree = "<group>";
		};
/* End PBXVariantGroup section */

/* Begin XCBuildConfiguration section */
		1F534B6A2705ECBC00DFC5A0 /* Debug */ = {
			isa = XCBuildConfiguration;
			buildSettings = {
				ALWAYS_SEARCH_USER_PATHS = NO;
				CLANG_ANALYZER_NONNULL = YES;
				CLANG_ANALYZER_NUMBER_OBJECT_CONVERSION = YES_AGGRESSIVE;
				CLANG_CXX_LANGUAGE_STANDARD = "gnu++17";
				CLANG_CXX_LIBRARY = "libc++";
				CLANG_ENABLE_MODULES = YES;
				CLANG_ENABLE_OBJC_ARC = YES;
				CLANG_ENABLE_OBJC_WEAK = YES;
				CLANG_WARN_BLOCK_CAPTURE_AUTORELEASING = YES;
				CLANG_WARN_BOOL_CONVERSION = YES;
				CLANG_WARN_COMMA = YES;
				CLANG_WARN_CONSTANT_CONVERSION = YES;
				CLANG_WARN_DEPRECATED_OBJC_IMPLEMENTATIONS = YES;
				CLANG_WARN_DIRECT_OBJC_ISA_USAGE = YES_ERROR;
				CLANG_WARN_DOCUMENTATION_COMMENTS = YES;
				CLANG_WARN_EMPTY_BODY = YES;
				CLANG_WARN_ENUM_CONVERSION = YES;
				CLANG_WARN_INFINITE_RECURSION = YES;
				CLANG_WARN_INT_CONVERSION = YES;
				CLANG_WARN_NON_LITERAL_NULL_CONVERSION = YES;
				CLANG_WARN_OBJC_IMPLICIT_RETAIN_SELF = YES;
				CLANG_WARN_OBJC_LITERAL_CONVERSION = YES;
				CLANG_WARN_OBJC_ROOT_CLASS = YES_ERROR;
				CLANG_WARN_QUOTED_INCLUDE_IN_FRAMEWORK_HEADER = YES;
				CLANG_WARN_RANGE_LOOP_ANALYSIS = YES;
				CLANG_WARN_STRICT_PROTOTYPES = YES;
				CLANG_WARN_SUSPICIOUS_MOVE = YES;
				CLANG_WARN_UNGUARDED_AVAILABILITY = YES_AGGRESSIVE;
				CLANG_WARN_UNREACHABLE_CODE = YES;
				CLANG_WARN__DUPLICATE_METHOD_MATCH = YES;
				COPY_PHASE_STRIP = NO;
				DEBUG_INFORMATION_FORMAT = dwarf;
				ENABLE_STRICT_OBJC_MSGSEND = YES;
				ENABLE_TESTABILITY = YES;
				GCC_C_LANGUAGE_STANDARD = gnu11;
				GCC_DYNAMIC_NO_PIC = NO;
				GCC_NO_COMMON_BLOCKS = YES;
				GCC_OPTIMIZATION_LEVEL = 0;
				GCC_PREPROCESSOR_DEFINITIONS = (
					"DEBUG=1",
					"$(inherited)",
				);
				GCC_WARN_64_TO_32_BIT_CONVERSION = YES;
				GCC_WARN_ABOUT_RETURN_TYPE = YES_ERROR;
				GCC_WARN_UNDECLARED_SELECTOR = YES;
				GCC_WARN_UNINITIALIZED_AUTOS = YES_AGGRESSIVE;
				GCC_WARN_UNUSED_FUNCTION = YES;
				GCC_WARN_UNUSED_VARIABLE = YES;
				IPHONEOS_DEPLOYMENT_TARGET = 15.0;
				MTL_ENABLE_DEBUG_INFO = INCLUDE_SOURCE;
				MTL_FAST_MATH = YES;
				ONLY_ACTIVE_ARCH = YES;
				SDKROOT = iphoneos;
			};
			name = Debug;
		};
		1F534B6B2705ECBC00DFC5A0 /* Release */ = {
			isa = XCBuildConfiguration;
			buildSettings = {
				ALWAYS_SEARCH_USER_PATHS = NO;
				CLANG_ANALYZER_NONNULL = YES;
				CLANG_ANALYZER_NUMBER_OBJECT_CONVERSION = YES_AGGRESSIVE;
				CLANG_CXX_LANGUAGE_STANDARD = "gnu++17";
				CLANG_CXX_LIBRARY = "libc++";
				CLANG_ENABLE_MODULES = YES;
				CLANG_ENABLE_OBJC_ARC = YES;
				CLANG_ENABLE_OBJC_WEAK = YES;
				CLANG_WARN_BLOCK_CAPTURE_AUTORELEASING = YES;
				CLANG_WARN_BOOL_CONVERSION = YES;
				CLANG_WARN_COMMA = YES;
				CLANG_WARN_CONSTANT_CONVERSION = YES;
				CLANG_WARN_DEPRECATED_OBJC_IMPLEMENTATIONS = YES;
				CLANG_WARN_DIRECT_OBJC_ISA_USAGE = YES_ERROR;
				CLANG_WARN_DOCUMENTATION_COMMENTS = YES;
				CLANG_WARN_EMPTY_BODY = YES;
				CLANG_WARN_ENUM_CONVERSION = YES;
				CLANG_WARN_INFINITE_RECURSION = YES;
				CLANG_WARN_INT_CONVERSION = YES;
				CLANG_WARN_NON_LITERAL_NULL_CONVERSION = YES;
				CLANG_WARN_OBJC_IMPLICIT_RETAIN_SELF = YES;
				CLANG_WARN_OBJC_LITERAL_CONVERSION = YES;
				CLANG_WARN_OBJC_ROOT_CLASS = YES_ERROR;
				CLANG_WARN_QUOTED_INCLUDE_IN_FRAMEWORK_HEADER = YES;
				CLANG_WARN_RANGE_LOOP_ANALYSIS = YES;
				CLANG_WARN_STRICT_PROTOTYPES = YES;
				CLANG_WARN_SUSPICIOUS_MOVE = YES;
				CLANG_WARN_UNGUARDED_AVAILABILITY = YES_AGGRESSIVE;
				CLANG_WARN_UNREACHABLE_CODE = YES;
				CLANG_WARN__DUPLICATE_METHOD_MATCH = YES;
				COPY_PHASE_STRIP = NO;
				DEBUG_INFORMATION_FORMAT = "dwarf-with-dsym";
				ENABLE_NS_ASSERTIONS = NO;
				ENABLE_STRICT_OBJC_MSGSEND = YES;
				GCC_C_LANGUAGE_STANDARD = gnu11;
				GCC_NO_COMMON_BLOCKS = YES;
				GCC_WARN_64_TO_32_BIT_CONVERSION = YES;
				GCC_WARN_ABOUT_RETURN_TYPE = YES_ERROR;
				GCC_WARN_UNDECLARED_SELECTOR = YES;
				GCC_WARN_UNINITIALIZED_AUTOS = YES_AGGRESSIVE;
				GCC_WARN_UNUSED_FUNCTION = YES;
				GCC_WARN_UNUSED_VARIABLE = YES;
				IPHONEOS_DEPLOYMENT_TARGET = 15.0;
				MTL_ENABLE_DEBUG_INFO = NO;
				MTL_FAST_MATH = YES;
				SDKROOT = iphoneos;
				VALIDATE_PRODUCT = YES;
			};
			name = Release;
		};
		1F534B6D2705ECBC00DFC5A0 /* Debug */ = {
			isa = XCBuildConfiguration;
			buildSettings = {
				ASSETCATALOG_COMPILER_APPICON_NAME = AppIcon;
				ASSETCATALOG_COMPILER_GLOBAL_ACCENT_COLOR_NAME = AccentColor;
				CODE_SIGN_STYLE = Automatic;
				CURRENT_PROJECT_VERSION = 1;
				GENERATE_INFOPLIST_FILE = YES;
				INFOPLIST_FILE = ObjCPokedex/Info.plist;
				INFOPLIST_KEY_UIApplicationSupportsIndirectInputEvents = YES;
				INFOPLIST_KEY_UILaunchStoryboardName = LaunchScreen;
				INFOPLIST_KEY_UIMainStoryboardFile = Main;
				INFOPLIST_KEY_UISupportedInterfaceOrientations_iPad = "UIInterfaceOrientationPortrait UIInterfaceOrientationPortraitUpsideDown UIInterfaceOrientationLandscapeLeft UIInterfaceOrientationLandscapeRight";
				INFOPLIST_KEY_UISupportedInterfaceOrientations_iPhone = "UIInterfaceOrientationPortrait UIInterfaceOrientationLandscapeLeft UIInterfaceOrientationLandscapeRight";
				LD_RUNPATH_SEARCH_PATHS = (
					"$(inherited)",
					"@executable_path/Frameworks",
				);
				MARKETING_VERSION = 1.0;
				PRODUCT_BUNDLE_IDENTIFIER = com.JeremyW.ObjCPokedex;
				PRODUCT_NAME = "$(TARGET_NAME)";
				SWIFT_EMIT_LOC_STRINGS = YES;
				TARGETED_DEVICE_FAMILY = "1,2";
			};
			name = Debug;
		};
		1F534B6E2705ECBC00DFC5A0 /* Release */ = {
			isa = XCBuildConfiguration;
			buildSettings = {
				ASSETCATALOG_COMPILER_APPICON_NAME = AppIcon;
				ASSETCATALOG_COMPILER_GLOBAL_ACCENT_COLOR_NAME = AccentColor;
				CODE_SIGN_STYLE = Automatic;
				CURRENT_PROJECT_VERSION = 1;
				GENERATE_INFOPLIST_FILE = YES;
				INFOPLIST_FILE = ObjCPokedex/Info.plist;
				INFOPLIST_KEY_UIApplicationSupportsIndirectInputEvents = YES;
				INFOPLIST_KEY_UILaunchStoryboardName = LaunchScreen;
				INFOPLIST_KEY_UIMainStoryboardFile = Main;
				INFOPLIST_KEY_UISupportedInterfaceOrientations_iPad = "UIInterfaceOrientationPortrait UIInterfaceOrientationPortraitUpsideDown UIInterfaceOrientationLandscapeLeft UIInterfaceOrientationLandscapeRight";
				INFOPLIST_KEY_UISupportedInterfaceOrientations_iPhone = "UIInterfaceOrientationPortrait UIInterfaceOrientationLandscapeLeft UIInterfaceOrientationLandscapeRight";
				LD_RUNPATH_SEARCH_PATHS = (
					"$(inherited)",
					"@executable_path/Frameworks",
				);
				MARKETING_VERSION = 1.0;
				PRODUCT_BUNDLE_IDENTIFIER = com.JeremyW.ObjCPokedex;
				PRODUCT_NAME = "$(TARGET_NAME)";
				SWIFT_EMIT_LOC_STRINGS = YES;
				TARGETED_DEVICE_FAMILY = "1,2";
			};
			name = Release;
		};
/* End XCBuildConfiguration section */

/* Begin XCConfigurationList section */
		1F534B4E2705ECBB00DFC5A0 /* Build configuration list for PBXProject "ObjCPokedex" */ = {
			isa = XCConfigurationList;
			buildConfigurations = (
				1F534B6A2705ECBC00DFC5A0 /* Debug */,
				1F534B6B2705ECBC00DFC5A0 /* Release */,
			);
			defaultConfigurationIsVisible = 0;
			defaultConfigurationName = Release;
		};
		1F534B6C2705ECBC00DFC5A0 /* Build configuration list for PBXNativeTarget "ObjCPokedex" */ = {
			isa = XCConfigurationList;
			buildConfigurations = (
				1F534B6D2705ECBC00DFC5A0 /* Debug */,
				1F534B6E2705ECBC00DFC5A0 /* Release */,
			);
			defaultConfigurationIsVisible = 0;
			defaultConfigurationName = Release;
		};
/* End XCConfigurationList section */
	};
	rootObject = 1F534B4B2705ECBB00DFC5A0 /* Project object */;
}
